// !$*UTF8*$!
{
	archiveVersion = 1;
	classes = {
	};
	objectVersion = 55;
	objects = {

/* Begin PBXBuildFile section */
		62096FA02977F79800F569E2 /* AppViewModel.swift in Sources */ = {isa = PBXBuildFile; fileRef = 62096F9F2977F79800F569E2 /* AppViewModel.swift */; };
		62096FA429780C0700F569E2 /* LoginViewModel.swift in Sources */ = {isa = PBXBuildFile; fileRef = 62096FA329780C0700F569E2 /* LoginViewModel.swift */; };
		62096FA629781B4300F569E2 /* BaseViewModel.swift in Sources */ = {isa = PBXBuildFile; fileRef = 62096FA529781B4300F569E2 /* BaseViewModel.swift */; };
		62096FA929781D3F00F569E2 /* Array+Extension.swift in Sources */ = {isa = PBXBuildFile; fileRef = 62096FA829781D3F00F569E2 /* Array+Extension.swift */; };
		6218D6112983A18A0020FB13 /* CounterVC.swift in Sources */ = {isa = PBXBuildFile; fileRef = 6218D6102983A1890020FB13 /* CounterVC.swift */; };
		6218D6132983A3220020FB13 /* CounterViewModel.swift in Sources */ = {isa = PBXBuildFile; fileRef = 6218D6122983A3220020FB13 /* CounterViewModel.swift */; };
		627A005C2976A667001626F9 /* AppDelegate.swift in Sources */ = {isa = PBXBuildFile; fileRef = 627A005B2976A667001626F9 /* AppDelegate.swift */; };
		627A005E2976A667001626F9 /* SceneDelegate.swift in Sources */ = {isa = PBXBuildFile; fileRef = 627A005D2976A667001626F9 /* SceneDelegate.swift */; };
		627A00602976A667001626F9 /* LoginViewController.swift in Sources */ = {isa = PBXBuildFile; fileRef = 627A005F2976A667001626F9 /* LoginViewController.swift */; };
		627A00632976A667001626F9 /* Main.storyboard in Resources */ = {isa = PBXBuildFile; fileRef = 627A00612976A667001626F9 /* Main.storyboard */; };
		627A00652976A668001626F9 /* Assets.xcassets in Resources */ = {isa = PBXBuildFile; fileRef = 627A00642976A668001626F9 /* Assets.xcassets */; };
		627A00682976A668001626F9 /* LaunchScreen.storyboard in Resources */ = {isa = PBXBuildFile; fileRef = 627A00662976A668001626F9 /* LaunchScreen.storyboard */; };
		62A6ADF8297A71CC00E5B403 /* BaseViewController.swift in Sources */ = {isa = PBXBuildFile; fileRef = 62A6ADF7297A71CC00E5B403 /* BaseViewController.swift */; };
		62A6ADFA297A720F00E5B403 /* UIViewCotroller+Extension.swift in Sources */ = {isa = PBXBuildFile; fileRef = 62A6ADF9297A720F00E5B403 /* UIViewCotroller+Extension.swift */; };
		62A6ADFE297AAB4E00E5B403 /* User.swift in Sources */ = {isa = PBXBuildFile; fileRef = 62A6ADFD297AAB4E00E5B403 /* User.swift */; };
		62A6AE00297ABE5800E5B403 /* SplashScreen.swift in Sources */ = {isa = PBXBuildFile; fileRef = 62A6ADFF297ABE5800E5B403 /* SplashScreen.swift */; };
		62A6AE02297ABED700E5B403 /* SplashViewModel.swift in Sources */ = {isa = PBXBuildFile; fileRef = 62A6AE01297ABED700E5B403 /* SplashViewModel.swift */; };
		62C04A3C29795CD000642747 /* Router.swift in Sources */ = {isa = PBXBuildFile; fileRef = 62C04A3B29795CD000642747 /* Router.swift */; };
		62C04A4029795D4500642747 /* DashboardVC.swift in Sources */ = {isa = PBXBuildFile; fileRef = 62C04A3F29795D4500642747 /* DashboardVC.swift */; };
		62C04A422979618400642747 /* UIApplication+Extension.swift in Sources */ = {isa = PBXBuildFile; fileRef = 62C04A412979618400642747 /* UIApplication+Extension.swift */; };
		62C04A442979644400642747 /* DashboardViewModel.swift in Sources */ = {isa = PBXBuildFile; fileRef = 62C04A432979644400642747 /* DashboardViewModel.swift */; };
		67616BB163843FEF936E2B80 /* Pods_HybridFlutterNative.framework in Frameworks */ = {isa = PBXBuildFile; fileRef = 50B91D7C4D37D1C9B181E723 /* Pods_HybridFlutterNative.framework */; };
/* End PBXBuildFile section */

/* Begin PBXFileReference section */
		50B91D7C4D37D1C9B181E723 /* Pods_HybridFlutterNative.framework */ = {isa = PBXFileReference; explicitFileType = wrapper.framework; includeInIndex = 0; path = Pods_HybridFlutterNative.framework; sourceTree = BUILT_PRODUCTS_DIR; };
		62096F9F2977F79800F569E2 /* AppViewModel.swift */ = {isa = PBXFileReference; lastKnownFileType = sourcecode.swift; path = AppViewModel.swift; sourceTree = "<group>"; };
		62096FA329780C0700F569E2 /* LoginViewModel.swift */ = {isa = PBXFileReference; lastKnownFileType = sourcecode.swift; path = LoginViewModel.swift; sourceTree = "<group>"; };
		62096FA529781B4300F569E2 /* BaseViewModel.swift */ = {isa = PBXFileReference; lastKnownFileType = sourcecode.swift; path = BaseViewModel.swift; sourceTree = "<group>"; };
		62096FA829781D3F00F569E2 /* Array+Extension.swift */ = {isa = PBXFileReference; lastKnownFileType = sourcecode.swift; path = "Array+Extension.swift"; sourceTree = "<group>"; };
		6218D6102983A1890020FB13 /* CounterVC.swift */ = {isa = PBXFileReference; lastKnownFileType = sourcecode.swift; path = CounterVC.swift; sourceTree = "<group>"; };
		6218D6122983A3220020FB13 /* CounterViewModel.swift */ = {isa = PBXFileReference; lastKnownFileType = sourcecode.swift; path = CounterViewModel.swift; sourceTree = "<group>"; };
		627A00582976A667001626F9 /* HybridFlutterNative.app */ = {isa = PBXFileReference; explicitFileType = wrapper.application; includeInIndex = 0; path = HybridFlutterNative.app; sourceTree = BUILT_PRODUCTS_DIR; };
		627A005B2976A667001626F9 /* AppDelegate.swift */ = {isa = PBXFileReference; lastKnownFileType = sourcecode.swift; path = AppDelegate.swift; sourceTree = "<group>"; };
		627A005D2976A667001626F9 /* SceneDelegate.swift */ = {isa = PBXFileReference; lastKnownFileType = sourcecode.swift; path = SceneDelegate.swift; sourceTree = "<group>"; };
		627A005F2976A667001626F9 /* LoginViewController.swift */ = {isa = PBXFileReference; lastKnownFileType = sourcecode.swift; path = LoginViewController.swift; sourceTree = "<group>"; };
		627A00622976A667001626F9 /* Base */ = {isa = PBXFileReference; lastKnownFileType = file.storyboard; name = Base; path = Base.lproj/Main.storyboard; sourceTree = "<group>"; };
		627A00642976A668001626F9 /* Assets.xcassets */ = {isa = PBXFileReference; lastKnownFileType = folder.assetcatalog; path = Assets.xcassets; sourceTree = "<group>"; };
		627A00672976A668001626F9 /* Base */ = {isa = PBXFileReference; lastKnownFileType = file.storyboard; name = Base; path = Base.lproj/LaunchScreen.storyboard; sourceTree = "<group>"; };
		627A00692976A668001626F9 /* Info.plist */ = {isa = PBXFileReference; lastKnownFileType = text.plist.xml; path = Info.plist; sourceTree = "<group>"; };
		62A6ADF7297A71CC00E5B403 /* BaseViewController.swift */ = {isa = PBXFileReference; lastKnownFileType = sourcecode.swift; path = BaseViewController.swift; sourceTree = "<group>"; };
		62A6ADF9297A720F00E5B403 /* UIViewCotroller+Extension.swift */ = {isa = PBXFileReference; lastKnownFileType = sourcecode.swift; path = "UIViewCotroller+Extension.swift"; sourceTree = "<group>"; };
		62A6ADFD297AAB4E00E5B403 /* User.swift */ = {isa = PBXFileReference; lastKnownFileType = sourcecode.swift; path = User.swift; sourceTree = "<group>"; };
		62A6ADFF297ABE5800E5B403 /* SplashScreen.swift */ = {isa = PBXFileReference; lastKnownFileType = sourcecode.swift; path = SplashScreen.swift; sourceTree = "<group>"; };
		62A6AE01297ABED700E5B403 /* SplashViewModel.swift */ = {isa = PBXFileReference; lastKnownFileType = sourcecode.swift; path = SplashViewModel.swift; sourceTree = "<group>"; };
		62C04A3B29795CD000642747 /* Router.swift */ = {isa = PBXFileReference; lastKnownFileType = sourcecode.swift; path = Router.swift; sourceTree = "<group>"; };
		62C04A3F29795D4500642747 /* DashboardVC.swift */ = {isa = PBXFileReference; lastKnownFileType = sourcecode.swift; path = DashboardVC.swift; sourceTree = "<group>"; };
		62C04A412979618400642747 /* UIApplication+Extension.swift */ = {isa = PBXFileReference; lastKnownFileType = sourcecode.swift; path = "UIApplication+Extension.swift"; sourceTree = "<group>"; };
		62C04A432979644400642747 /* DashboardViewModel.swift */ = {isa = PBXFileReference; lastKnownFileType = sourcecode.swift; path = DashboardViewModel.swift; sourceTree = "<group>"; };
		9720C275C65F4F66644A7303 /* Pods-HybridFlutterNative.release.xcconfig */ = {isa = PBXFileReference; includeInIndex = 1; lastKnownFileType = text.xcconfig; name = "Pods-HybridFlutterNative.release.xcconfig"; path = "Target Support Files/Pods-HybridFlutterNative/Pods-HybridFlutterNative.release.xcconfig"; sourceTree = "<group>"; };
		E2F0336AF36A392E5EE39ECF /* Pods-HybridFlutterNative.debug.xcconfig */ = {isa = PBXFileReference; includeInIndex = 1; lastKnownFileType = text.xcconfig; name = "Pods-HybridFlutterNative.debug.xcconfig"; path = "Target Support Files/Pods-HybridFlutterNative/Pods-HybridFlutterNative.debug.xcconfig"; sourceTree = "<group>"; };
/* End PBXFileReference section */

/* Begin PBXFrameworksBuildPhase section */
		627A00552976A667001626F9 /* Frameworks */ = {
			isa = PBXFrameworksBuildPhase;
			buildActionMask = 2147483647;
			files = (
				67616BB163843FEF936E2B80 /* Pods_HybridFlutterNative.framework in Frameworks */,
			);
			runOnlyForDeploymentPostprocessing = 0;
		};
/* End PBXFrameworksBuildPhase section */

/* Begin PBXGroup section */
		57712FAE1382147BB7C5389E /* Pods */ = {
			isa = PBXGroup;
			children = (
				E2F0336AF36A392E5EE39ECF /* Pods-HybridFlutterNative.debug.xcconfig */,
				9720C275C65F4F66644A7303 /* Pods-HybridFlutterNative.release.xcconfig */,
			);
			path = Pods;
			sourceTree = "<group>";
		};
		62096F9E2977F76700F569E2 /* View Model */ = {
			isa = PBXGroup;
			children = (
				62096F9F2977F79800F569E2 /* AppViewModel.swift */,
				62096FA529781B4300F569E2 /* BaseViewModel.swift */,
				62A6AE01297ABED700E5B403 /* SplashViewModel.swift */,
				62096FA329780C0700F569E2 /* LoginViewModel.swift */,
				62C04A432979644400642747 /* DashboardViewModel.swift */,
				6218D6122983A3220020FB13 /* CounterViewModel.swift */,
			);
			path = "View Model";
			sourceTree = "<group>";
		};
		62096FA129780B6300F569E2 /* ViewController */ = {
			isa = PBXGroup;
			children = (
				62A6ADF7297A71CC00E5B403 /* BaseViewController.swift */,
				62A6ADFF297ABE5800E5B403 /* SplashScreen.swift */,
				627A005F2976A667001626F9 /* LoginViewController.swift */,
				62C04A3F29795D4500642747 /* DashboardVC.swift */,
				6218D6102983A1890020FB13 /* CounterVC.swift */,
			);
			name = ViewController;
			sourceTree = "<group>";
		};
		62096FA729781D2600F569E2 /* Extensions */ = {
			isa = PBXGroup;
			children = (
				62096FA829781D3F00F569E2 /* Array+Extension.swift */,
				62A6ADF9297A720F00E5B403 /* UIViewCotroller+Extension.swift */,
				62C04A412979618400642747 /* UIApplication+Extension.swift */,
			);
			path = Extensions;
			sourceTree = "<group>";
		};
		627A004F2976A666001626F9 = {
			isa = PBXGroup;
			children = (
				627A005A2976A667001626F9 /* HybridFlutterNative */,
				627A00592976A667001626F9 /* Products */,
				57712FAE1382147BB7C5389E /* Pods */,
				E7A20A759746453E803F8BC5 /* Frameworks */,
			);
			sourceTree = "<group>";
		};
		627A00592976A667001626F9 /* Products */ = {
			isa = PBXGroup;
			children = (
				627A00582976A667001626F9 /* HybridFlutterNative.app */,
			);
			name = Products;
			sourceTree = "<group>";
		};
		627A005A2976A667001626F9 /* HybridFlutterNative */ = {
			isa = PBXGroup;
			children = (
				62A6ADFC297A73A100E5B403 /* Shared */,
				62A6ADFB297A738900E5B403 /* Models */,
				62C04A3A29795CC200642747 /* Router */,
				62096FA729781D2600F569E2 /* Extensions */,
				62096FA129780B6300F569E2 /* ViewController */,
				62096F9E2977F76700F569E2 /* View Model */,
				627A005B2976A667001626F9 /* AppDelegate.swift */,
				627A005D2976A667001626F9 /* SceneDelegate.swift */,
				627A00612976A667001626F9 /* Main.storyboard */,
				627A00642976A668001626F9 /* Assets.xcassets */,
				627A00662976A668001626F9 /* LaunchScreen.storyboard */,
				627A00692976A668001626F9 /* Info.plist */,
			);
			path = HybridFlutterNative;
			sourceTree = "<group>";
		};
		62A6ADFB297A738900E5B403 /* Models */ = {
			isa = PBXGroup;
			children = (
				62A6ADFD297AAB4E00E5B403 /* User.swift */,
			);
			path = Models;
			sourceTree = "<group>";
		};
		62A6ADFC297A73A100E5B403 /* Shared */ = {
			isa = PBXGroup;
			children = (
			);
			path = Shared;
			sourceTree = "<group>";
		};
		62C04A3A29795CC200642747 /* Router */ = {
			isa = PBXGroup;
			children = (
				62C04A3B29795CD000642747 /* Router.swift */,
			);
			path = Router;
			sourceTree = "<group>";
		};
		E7A20A759746453E803F8BC5 /* Frameworks */ = {
			isa = PBXGroup;
			children = (
				50B91D7C4D37D1C9B181E723 /* Pods_HybridFlutterNative.framework */,
			);
			name = Frameworks;
			sourceTree = "<group>";
		};
/* End PBXGroup section */

/* Begin PBXNativeTarget section */
		627A00572976A667001626F9 /* HybridFlutterNative */ = {
			isa = PBXNativeTarget;
			buildConfigurationList = 627A006C2976A668001626F9 /* Build configuration list for PBXNativeTarget "HybridFlutterNative" */;
			buildPhases = (
				005176E78768B0A841BABD31 /* [CP] Check Pods Manifest.lock */,
				065BB3804732F77CA0FA151E /* [CP-User] Run Flutter Build my_flutter Script */,
				627A00542976A667001626F9 /* Sources */,
				627A00552976A667001626F9 /* Frameworks */,
				627A00562976A667001626F9 /* Resources */,
				4BBD23AB72B0C274CE631494 /* [CP-User] Embed Flutter Build my_flutter Script */,
				1F1484FEDE76FF316DD51281 /* [CP] Embed Pods Frameworks */,
			);
			buildRules = (
			);
			dependencies = (
			);
			name = HybridFlutterNative;
			productName = HybridFlutterNative;
			productReference = 627A00582976A667001626F9 /* HybridFlutterNative.app */;
			productType = "com.apple.product-type.application";
		};
/* End PBXNativeTarget section */

/* Begin PBXProject section */
		627A00502976A666001626F9 /* Project object */ = {
			isa = PBXProject;
			attributes = {
				BuildIndependentTargetsInParallel = 1;
				LastSwiftUpdateCheck = 1330;
				LastUpgradeCheck = 1330;
				TargetAttributes = {
					627A00572976A667001626F9 = {
						CreatedOnToolsVersion = 13.3;
					};
				};
			};
			buildConfigurationList = 627A00532976A666001626F9 /* Build configuration list for PBXProject "HybridFlutterNative" */;
			compatibilityVersion = "Xcode 13.0";
			developmentRegion = en;
			hasScannedForEncodings = 0;
			knownRegions = (
				en,
				Base,
			);
			mainGroup = 627A004F2976A666001626F9;
			productRefGroup = 627A00592976A667001626F9 /* Products */;
			projectDirPath = "";
			projectRoot = "";
			targets = (
				627A00572976A667001626F9 /* HybridFlutterNative */,
			);
		};
/* End PBXProject section */

/* Begin PBXResourcesBuildPhase section */
		627A00562976A667001626F9 /* Resources */ = {
			isa = PBXResourcesBuildPhase;
			buildActionMask = 2147483647;
			files = (
				627A00682976A668001626F9 /* LaunchScreen.storyboard in Resources */,
				627A00652976A668001626F9 /* Assets.xcassets in Resources */,
				627A00632976A667001626F9 /* Main.storyboard in Resources */,
			);
			runOnlyForDeploymentPostprocessing = 0;
		};
/* End PBXResourcesBuildPhase section */

/* Begin PBXShellScriptBuildPhase section */
		005176E78768B0A841BABD31 /* [CP] Check Pods Manifest.lock */ = {
			isa = PBXShellScriptBuildPhase;
			buildActionMask = 2147483647;
			files = (
			);
			inputFileListPaths = (
			);
			inputPaths = (
				"${PODS_PODFILE_DIR_PATH}/Podfile.lock",
				"${PODS_ROOT}/Manifest.lock",
			);
			name = "[CP] Check Pods Manifest.lock";
			outputFileListPaths = (
			);
			outputPaths = (
				"$(DERIVED_FILE_DIR)/Pods-HybridFlutterNative-checkManifestLockResult.txt",
			);
			runOnlyForDeploymentPostprocessing = 0;
			shellPath = /bin/sh;
			shellScript = "diff \"${PODS_PODFILE_DIR_PATH}/Podfile.lock\" \"${PODS_ROOT}/Manifest.lock\" > /dev/null\nif [ $? != 0 ] ; then\n    # print error to STDERR\n    echo \"error: The sandbox is not in sync with the Podfile.lock. Run 'pod install' or update your CocoaPods installation.\" >&2\n    exit 1\nfi\n# This output is used by Xcode 'outputs' to avoid re-running this script phase.\necho \"SUCCESS\" > \"${SCRIPT_OUTPUT_FILE_0}\"\n";
			showEnvVarsInLog = 0;
		};
		065BB3804732F77CA0FA151E /* [CP-User] Run Flutter Build my_flutter Script */ = {
			isa = PBXShellScriptBuildPhase;
			buildActionMask = 2147483647;
			files = (
			);
			name = "[CP-User] Run Flutter Build my_flutter Script";
			runOnlyForDeploymentPostprocessing = 0;
			shellPath = /bin/sh;
			shellScript = "set -e\nset -u\nsource \"${SRCROOT}/../my_flutter/.ios/Flutter/flutter_export_environment.sh\"\nexport VERBOSE_SCRIPT_LOGGING=1 && \"$FLUTTER_ROOT\"/packages/flutter_tools/bin/xcode_backend.sh build";
		};
		1F1484FEDE76FF316DD51281 /* [CP] Embed Pods Frameworks */ = {
			isa = PBXShellScriptBuildPhase;
			buildActionMask = 2147483647;
			files = (
			);
			inputFileListPaths = (
				"${PODS_ROOT}/Target Support Files/Pods-HybridFlutterNative/Pods-HybridFlutterNative-frameworks-${CONFIGURATION}-input-files.xcfilelist",
			);
			name = "[CP] Embed Pods Frameworks";
			outputFileListPaths = (
				"${PODS_ROOT}/Target Support Files/Pods-HybridFlutterNative/Pods-HybridFlutterNative-frameworks-${CONFIGURATION}-output-files.xcfilelist",
			);
			runOnlyForDeploymentPostprocessing = 0;
			shellPath = /bin/sh;
			shellScript = "\"${PODS_ROOT}/Target Support Files/Pods-HybridFlutterNative/Pods-HybridFlutterNative-frameworks.sh\"\n";
			showEnvVarsInLog = 0;
		};
		4BBD23AB72B0C274CE631494 /* [CP-User] Embed Flutter Build my_flutter Script */ = {
			isa = PBXShellScriptBuildPhase;
			buildActionMask = 2147483647;
			files = (
			);
			name = "[CP-User] Embed Flutter Build my_flutter Script";
			runOnlyForDeploymentPostprocessing = 0;
			shellPath = /bin/sh;
			shellScript = "set -e\nset -u\nsource \"${SRCROOT}/../my_flutter/.ios/Flutter/flutter_export_environment.sh\"\nexport VERBOSE_SCRIPT_LOGGING=1 && \"$FLUTTER_ROOT\"/packages/flutter_tools/bin/xcode_backend.sh embed_and_thin";
		};
/* End PBXShellScriptBuildPhase section */

/* Begin PBXSourcesBuildPhase section */
		627A00542976A667001626F9 /* Sources */ = {
			isa = PBXSourcesBuildPhase;
			buildActionMask = 2147483647;
			files = (
				62A6AE00297ABE5800E5B403 /* SplashScreen.swift in Sources */,
				62C04A3C29795CD000642747 /* Router.swift in Sources */,
				627A00602976A667001626F9 /* LoginViewController.swift in Sources */,
				62096FA02977F79800F569E2 /* AppViewModel.swift in Sources */,
				627A005C2976A667001626F9 /* AppDelegate.swift in Sources */,
				62C04A442979644400642747 /* DashboardViewModel.swift in Sources */,
				62A6ADF8297A71CC00E5B403 /* BaseViewController.swift in Sources */,
				62A6AE02297ABED700E5B403 /* SplashViewModel.swift in Sources */,
				62A6ADFE297AAB4E00E5B403 /* User.swift in Sources */,
				62C04A4029795D4500642747 /* DashboardVC.swift in Sources */,
				62096FA429780C0700F569E2 /* LoginViewModel.swift in Sources */,
				6218D6132983A3220020FB13 /* CounterViewModel.swift in Sources */,
				62096FA929781D3F00F569E2 /* Array+Extension.swift in Sources */,
				62A6ADFA297A720F00E5B403 /* UIViewCotroller+Extension.swift in Sources */,
				627A005E2976A667001626F9 /* SceneDelegate.swift in Sources */,
				62C04A422979618400642747 /* UIApplication+Extension.swift in Sources */,
				6218D6112983A18A0020FB13 /* CounterVC.swift in Sources */,
				62096FA629781B4300F569E2 /* BaseViewModel.swift in Sources */,
			);
			runOnlyForDeploymentPostprocessing = 0;
		};
/* End PBXSourcesBuildPhase section */

/* Begin PBXVariantGroup section */
		627A00612976A667001626F9 /* Main.storyboard */ = {
			isa = PBXVariantGroup;
			children = (
				627A00622976A667001626F9 /* Base */,
			);
			name = Main.storyboard;
			sourceTree = "<group>";
		};
		627A00662976A668001626F9 /* LaunchScreen.storyboard */ = {
			isa = PBXVariantGroup;
			children = (
				627A00672976A668001626F9 /* Base */,
			);
			name = LaunchScreen.storyboard;
			sourceTree = "<group>";
		};
/* End PBXVariantGroup section */

/* Begin XCBuildConfiguration section */
		627A006A2976A668001626F9 /* Debug */ = {
			isa = XCBuildConfiguration;
			buildSettings = {
				ALWAYS_SEARCH_USER_PATHS = NO;
				CLANG_ANALYZER_NONNULL = YES;
				CLANG_ANALYZER_NUMBER_OBJECT_CONVERSION = YES_AGGRESSIVE;
				CLANG_CXX_LANGUAGE_STANDARD = "gnu++17";
				CLANG_ENABLE_MODULES = YES;
				CLANG_ENABLE_OBJC_ARC = YES;
				CLANG_ENABLE_OBJC_WEAK = YES;
				CLANG_WARN_BLOCK_CAPTURE_AUTORELEASING = YES;
				CLANG_WARN_BOOL_CONVERSION = YES;
				CLANG_WARN_COMMA = YES;
				CLANG_WARN_CONSTANT_CONVERSION = YES;
				CLANG_WARN_DEPRECATED_OBJC_IMPLEMENTATIONS = YES;
				CLANG_WARN_DIRECT_OBJC_ISA_USAGE = YES_ERROR;
				CLANG_WARN_DOCUMENTATION_COMMENTS = YES;
				CLANG_WARN_EMPTY_BODY = YES;
				CLANG_WARN_ENUM_CONVERSION = YES;
				CLANG_WARN_INFINITE_RECURSION = YES;
				CLANG_WARN_INT_CONVERSION = YES;
				CLANG_WARN_NON_LITERAL_NULL_CONVERSION = YES;
				CLANG_WARN_OBJC_IMPLICIT_RETAIN_SELF = YES;
				CLANG_WARN_OBJC_LITERAL_CONVERSION = YES;
				CLANG_WARN_OBJC_ROOT_CLASS = YES_ERROR;
				CLANG_WARN_QUOTED_INCLUDE_IN_FRAMEWORK_HEADER = YES;
				CLANG_WARN_RANGE_LOOP_ANALYSIS = YES;
				CLANG_WARN_STRICT_PROTOTYPES = YES;
				CLANG_WARN_SUSPICIOUS_MOVE = YES;
				CLANG_WARN_UNGUARDED_AVAILABILITY = YES_AGGRESSIVE;
				CLANG_WARN_UNREACHABLE_CODE = YES;
				CLANG_WARN__DUPLICATE_METHOD_MATCH = YES;
				COPY_PHASE_STRIP = NO;
				DEBUG_INFORMATION_FORMAT = dwarf;
				ENABLE_STRICT_OBJC_MSGSEND = YES;
				ENABLE_TESTABILITY = YES;
				GCC_C_LANGUAGE_STANDARD = gnu11;
				GCC_DYNAMIC_NO_PIC = NO;
				GCC_NO_COMMON_BLOCKS = YES;
				GCC_OPTIMIZATION_LEVEL = 0;
				GCC_PREPROCESSOR_DEFINITIONS = (
					"DEBUG=1",
					"$(inherited)",
				);
				GCC_WARN_64_TO_32_BIT_CONVERSION = YES;
				GCC_WARN_ABOUT_RETURN_TYPE = YES_ERROR;
				GCC_WARN_UNDECLARED_SELECTOR = YES;
				GCC_WARN_UNINITIALIZED_AUTOS = YES_AGGRESSIVE;
				GCC_WARN_UNUSED_FUNCTION = YES;
				GCC_WARN_UNUSED_VARIABLE = YES;
				IPHONEOS_DEPLOYMENT_TARGET = 15.4;
				MTL_ENABLE_DEBUG_INFO = INCLUDE_SOURCE;
				MTL_FAST_MATH = YES;
				ONLY_ACTIVE_ARCH = YES;
				SDKROOT = iphoneos;
				SWIFT_ACTIVE_COMPILATION_CONDITIONS = DEBUG;
				SWIFT_OPTIMIZATION_LEVEL = "-Onone";
			};
			name = Debug;
		};
		627A006B2976A668001626F9 /* Release */ = {
			isa = XCBuildConfiguration;
			buildSettings = {
				ALWAYS_SEARCH_USER_PATHS = NO;
				CLANG_ANALYZER_NONNULL = YES;
				CLANG_ANALYZER_NUMBER_OBJECT_CONVERSION = YES_AGGRESSIVE;
				CLANG_CXX_LANGUAGE_STANDARD = "gnu++17";
				CLANG_ENABLE_MODULES = YES;
				CLANG_ENABLE_OBJC_ARC = YES;
				CLANG_ENABLE_OBJC_WEAK = YES;
				CLANG_WARN_BLOCK_CAPTURE_AUTORELEASING = YES;
				CLANG_WARN_BOOL_CONVERSION = YES;
				CLANG_WARN_COMMA = YES;
				CLANG_WARN_CONSTANT_CONVERSION = YES;
				CLANG_WARN_DEPRECATED_OBJC_IMPLEMENTATIONS = YES;
				CLANG_WARN_DIRECT_OBJC_ISA_USAGE = YES_ERROR;
				CLANG_WARN_DOCUMENTATION_COMMENTS = YES;
				CLANG_WARN_EMPTY_BODY = YES;
				CLANG_WARN_ENUM_CONVERSION = YES;
				CLANG_WARN_INFINITE_RECURSION = YES;
				CLANG_WARN_INT_CONVERSION = YES;
				CLANG_WARN_NON_LITERAL_NULL_CONVERSION = YES;
				CLANG_WARN_OBJC_IMPLICIT_RETAIN_SELF = YES;
				CLANG_WARN_OBJC_LITERAL_CONVERSION = YES;
				CLANG_WARN_OBJC_ROOT_CLASS = YES_ERROR;
				CLANG_WARN_QUOTED_INCLUDE_IN_FRAMEWORK_HEADER = YES;
				CLANG_WARN_RANGE_LOOP_ANALYSIS = YES;
				CLANG_WARN_STRICT_PROTOTYPES = YES;
				CLANG_WARN_SUSPICIOUS_MOVE = YES;
				CLANG_WARN_UNGUARDED_AVAILABILITY = YES_AGGRESSIVE;
				CLANG_WARN_UNREACHABLE_CODE = YES;
				CLANG_WARN__DUPLICATE_METHOD_MATCH = YES;
				COPY_PHASE_STRIP = NO;
				DEBUG_INFORMATION_FORMAT = "dwarf-with-dsym";
				ENABLE_NS_ASSERTIONS = NO;
				ENABLE_STRICT_OBJC_MSGSEND = YES;
				GCC_C_LANGUAGE_STANDARD = gnu11;
				GCC_NO_COMMON_BLOCKS = YES;
				GCC_WARN_64_TO_32_BIT_CONVERSION = YES;
				GCC_WARN_ABOUT_RETURN_TYPE = YES_ERROR;
				GCC_WARN_UNDECLARED_SELECTOR = YES;
				GCC_WARN_UNINITIALIZED_AUTOS = YES_AGGRESSIVE;
				GCC_WARN_UNUSED_FUNCTION = YES;
				GCC_WARN_UNUSED_VARIABLE = YES;
				IPHONEOS_DEPLOYMENT_TARGET = 15.4;
				MTL_ENABLE_DEBUG_INFO = NO;
				MTL_FAST_MATH = YES;
				SDKROOT = iphoneos;
				SWIFT_COMPILATION_MODE = wholemodule;
				SWIFT_OPTIMIZATION_LEVEL = "-O";
				VALIDATE_PRODUCT = YES;
			};
			name = Release;
		};
		627A006D2976A668001626F9 /* Debug */ = {
			isa = XCBuildConfiguration;
			baseConfigurationReference = E2F0336AF36A392E5EE39ECF /* Pods-HybridFlutterNative.debug.xcconfig */;
			buildSettings = {
				ASSETCATALOG_COMPILER_APPICON_NAME = AppIcon;
				ASSETCATALOG_COMPILER_GLOBAL_ACCENT_COLOR_NAME = AccentColor;
				CODE_SIGN_STYLE = Automatic;
				CURRENT_PROJECT_VERSION = 1;
				"EXCLUDED_ARCHS[sdk=iphonesimulator*]" = arm64;
				GENERATE_INFOPLIST_FILE = YES;
				INFOPLIST_FILE = HybridFlutterNative/Info.plist;
				INFOPLIST_KEY_UIApplicationSupportsIndirectInputEvents = YES;
				INFOPLIST_KEY_UILaunchStoryboardName = LaunchScreen;
				INFOPLIST_KEY_UIMainStoryboardFile = Main;
				INFOPLIST_KEY_UISupportedInterfaceOrientations_iPad = "UIInterfaceOrientationPortrait UIInterfaceOrientationPortraitUpsideDown UIInterfaceOrientationLandscapeLeft UIInterfaceOrientationLandscapeRight";
				INFOPLIST_KEY_UISupportedInterfaceOrientations_iPhone = "UIInterfaceOrientationPortrait UIInterfaceOrientationLandscapeLeft UIInterfaceOrientationLandscapeRight";
				LD_RUNPATH_SEARCH_PATHS = (
					"$(inherited)",
					"@executable_path/Frameworks",
				);
				MARKETING_VERSION = 1.0;
				PRODUCT_BUNDLE_IDENTIFIER = com.bytes.HybridFlutterNative;
				PRODUCT_NAME = "$(TARGET_NAME)";
				SWIFT_EMIT_LOC_STRINGS = YES;
				SWIFT_VERSION = 5.0;
				TARGETED_DEVICE_FAMILY = "1,2";
			};
			name = Debug;
		};
		627A006E2976A668001626F9 /* Release */ = {
			isa = XCBuildConfiguration;
			baseConfigurationReference = 9720C275C65F4F66644A7303 /* Pods-HybridFlutterNative.release.xcconfig */;
			buildSettings = {
				ASSETCATALOG_COMPILER_APPICON_NAME = AppIcon;
				ASSETCATALOG_COMPILER_GLOBAL_ACCENT_COLOR_NAME = AccentColor;
				CODE_SIGN_STYLE = Automatic;
				CURRENT_PROJECT_VERSION = 1;
				GENERATE_INFOPLIST_FILE = YES;
				INFOPLIST_FILE = HybridFlutterNative/Info.plist;
				INFOPLIST_KEY_UIApplicationSupportsIndirectInputEvents = YES;
				INFOPLIST_KEY_UILaunchStoryboardName = LaunchScreen;
				INFOPLIST_KEY_UIMainStoryboardFile = Main;
				INFOPLIST_KEY_UISupportedInterfaceOrientations_iPad = "UIInterfaceOrientationPortrait UIInterfaceOrientationPortraitUpsideDown UIInterfaceOrientationLandscapeLeft UIInterfaceOrientationLandscapeRight";
				INFOPLIST_KEY_UISupportedInterfaceOrientations_iPhone = "UIInterfaceOrientationPortrait UIInterfaceOrientationLandscapeLeft UIInterfaceOrientationLandscapeRight";
				LD_RUNPATH_SEARCH_PATHS = (
					"$(inherited)",
					"@executable_path/Frameworks",
				);
				MARKETING_VERSION = 1.0;
				PRODUCT_BUNDLE_IDENTIFIER = com.bytes.HybridFlutterNative;
				PRODUCT_NAME = "$(TARGET_NAME)";
				SWIFT_EMIT_LOC_STRINGS = YES;
				SWIFT_VERSION = 5.0;
				TARGETED_DEVICE_FAMILY = "1,2";
			};
			name = Release;
		};
/* End XCBuildConfiguration section */

/* Begin XCConfigurationList section */
		627A00532976A666001626F9 /* Build configuration list for PBXProject "HybridFlutterNative" */ = {
			isa = XCConfigurationList;
			buildConfigurations = (
				627A006A2976A668001626F9 /* Debug */,
				627A006B2976A668001626F9 /* Release */,
			);
			defaultConfigurationIsVisible = 0;
			defaultConfigurationName = Release;
		};
		627A006C2976A668001626F9 /* Build configuration list for PBXNativeTarget "HybridFlutterNative" */ = {
			isa = XCConfigurationList;
			buildConfigurations = (
				627A006D2976A668001626F9 /* Debug */,
				627A006E2976A668001626F9 /* Release */,
			);
			defaultConfigurationIsVisible = 0;
			defaultConfigurationName = Release;
		};
/* End XCConfigurationList section */
	};
	rootObject = 627A00502976A666001626F9 /* Project object */;
}
